# This file is generated by running "yarn install" inside your project.
# Manual changes might be lost - proceed with caution!

__metadata:
  version: 6

"@westie/common@1.0.0, @westie/common@workspace:packages/common":
  version: 0.0.0-use.local
  resolution: "@westie/common@workspace:packages/common"
  languageName: unknown
  linkType: soft

"@westie/server@workspace:packages/server":
  version: 0.0.0-use.local
  resolution: "@westie/server@workspace:packages/server"
  dependencies:
    "@westie/common": 1.0.0
  languageName: unknown
  linkType: soft

"monorepo@workspace:.":
  version: 0.0.0-use.local
  resolution: "monorepo@workspace:."
  languageName: unknown
  linkType: soft
